
Microsoft Visual Studio Solution File, Format Version 12.00
# Visual Studio Version 17
VisualStudioVersion = 17.4.33213.308
MinimumVisualStudioVersion = 10.0.40219.1
Project("{FAE04EC0-301F-11D3-BF4B-00C04F79EFBC}") = "Michał Lorencki GL05 aplikacja OOP Spending Tracker", "Michał Lorencki GL05 aplikacja OOP Spending Tracker\Michał Lorencki GL05 aplikacja OOP Spending Tracker.csproj", "{B8F4FB99-2789-454F-A488-7130F068B9CA}"
EndProject
Global
	GlobalSection(SolutionConfigurationPlatforms) = preSolution
		Debug|Any CPU = Debug|Any CPU
		Release|Any CPU = Release|Any CPU
	EndGlobalSection
	GlobalSection(ProjectConfigurationPlatforms) = postSolution
		{B8F4FB99-2789-454F-A488-7130F068B9CA}.Debug|Any CPU.ActiveCfg = Debug|Any CPU
		{B8F4FB99-2789-454F-A488-7130F068B9CA}.Debug|Any CPU.Build.0 = Debug|Any CPU
		{B8F4FB99-2789-454F-A488-7130F068B9CA}.Release|Any CPU.ActiveCfg = Release|Any CPU
		{B8F4FB99-2789-454F-A488-7130F068B9CA}.Release|Any CPU.Build.0 = Release|Any CPU
	EndGlobalSection
	GlobalSection(SolutionProperties) = preSolution
		HideSolutionNode = FALSE
	EndGlobalSection
	GlobalSection(ExtensibilityGlobals) = postSolution
		SolutionGuid = {9819D669-49AD-4606-BF3B-BC194F36069D}
	EndGlobalSection
EndGlobal
